
Microsoft Visual Studio Solution File, Format Version 12.00
Project("{FAE04EC0-301F-11D3-BF4B-00C04F79EFBC}") = "DataStructuresAndAlgorithms", "DataStructuresAndAlgorithms\DataStructuresAndAlgorithms.csproj", "{2C003592-BC7C-45EA-9E9F-C3B2878CD6D0}"
EndProject
Global
	GlobalSection(SolutionConfigurationPlatforms) = preSolution
		Debug|Any CPU = Debug|Any CPU
		Release|Any CPU = Release|Any CPU
	EndGlobalSection
	GlobalSection(ProjectConfigurationPlatforms) = postSolution
		{2C003592-BC7C-45EA-9E9F-C3B2878CD6D0}.Debug|Any CPU.ActiveCfg = Debug|Any CPU
		{2C003592-BC7C-45EA-9E9F-C3B2878CD6D0}.Debug|Any CPU.Build.0 = Debug|Any CPU
		{2C003592-BC7C-45EA-9E9F-C3B2878CD6D0}.Release|Any CPU.ActiveCfg = Release|Any CPU
		{2C003592-BC7C-45EA-9E9F-C3B2878CD6D0}.Release|Any CPU.Build.0 = Release|Any CPU
	EndGlobalSection
EndGlobal
